// !$*UTF8*$!
{
	archiveVersion = 1;
	classes = {
	};
	objectVersion = 46;
	objects = {

/* Begin PBXBuildFile section */
		21262FEB1EEA96E800DFBC2D /* main.swift in Sources */ = {isa = PBXBuildFile; fileRef = 21262FEA1EEA96E800DFBC2D /* main.swift */; };
		21262FF41EEA97FE00DFBC2D /* GenericsTest.swift in Sources */ = {isa = PBXBuildFile; fileRef = 21262FF31EEA97FE00DFBC2D /* GenericsTest.swift */; };
		21262FF71EEA9E9200DFBC2D /* ArrayList.swift in Sources */ = {isa = PBXBuildFile; fileRef = 21262FF61EEA9E9200DFBC2D /* ArrayList.swift */; };
		214A14B01EECCEB100BB569B /* AbsArrayList.swift in Sources */ = {isa = PBXBuildFile; fileRef = 214A14AF1EECCEB100BB569B /* AbsArrayList.swift */; };
		214A14B21EECD08D00BB569B /* FF_ArrayList.swift in Sources */ = {isa = PBXBuildFile; fileRef = 214A14B11EECD08D00BB569B /* FF_ArrayList.swift */; };
		214A14B51EECD31D00BB569B /* FF_IArray.swift in Sources */ = {isa = PBXBuildFile; fileRef = 214A14B41EECD31D00BB569B /* FF_IArray.swift */; };
		214A14B71EECD40C00BB569B /* FF_ConcreteArray.swift in Sources */ = {isa = PBXBuildFile; fileRef = 214A14B61EECD40C00BB569B /* FF_ConcreteArray.swift */; };
		214A14BD1EECD7FD00BB569B /* BaseModel.swift in Sources */ = {isa = PBXBuildFile; fileRef = 214A14BC1EECD7FD00BB569B /* BaseModel.swift */; };
		214A14BF1EECD84100BB569B /* User.swift in Sources */ = {isa = PBXBuildFile; fileRef = 214A14BE1EECD84100BB569B /* User.swift */; };
		214A14C11EECD87600BB569B /* FF_ModelArray.swift in Sources */ = {isa = PBXBuildFile; fileRef = 214A14C01EECD87600BB569B /* FF_ModelArray.swift */; };
		214A14C41EED158F00BB569B /* UserWhere.swift in Sources */ = {isa = PBXBuildFile; fileRef = 214A14C31EED158F00BB569B /* UserWhere.swift */; };
/* End PBXBuildFile section */

/* Begin PBXCopyFilesBuildPhase section */
		21262FE51EEA96E800DFBC2D /* CopyFiles */ = {
			isa = PBXCopyFilesBuildPhase;
			buildActionMask = 2147483647;
			dstPath = /usr/share/man/man1/;
			dstSubfolderSpec = 0;
			files = (
			);
			runOnlyForDeploymentPostprocessing = 1;
		};
/* End PBXCopyFilesBuildPhase section */

/* Begin PBXFileReference section */
		21262FE71EEA96E800DFBC2D /* genericity-ex */ = {isa = PBXFileReference; explicitFileType = "compiled.mach-o.executable"; includeInIndex = 0; path = "genericity-ex"; sourceTree = BUILT_PRODUCTS_DIR; };
		21262FEA1EEA96E800DFBC2D /* main.swift */ = {isa = PBXFileReference; lastKnownFileType = sourcecode.swift; path = main.swift; sourceTree = "<group>"; };
		21262FF31EEA97FE00DFBC2D /* GenericsTest.swift */ = {isa = PBXFileReference; fileEncoding = 4; lastKnownFileType = sourcecode.swift; path = GenericsTest.swift; sourceTree = "<group>"; };
		21262FF61EEA9E9200DFBC2D /* ArrayList.swift */ = {isa = PBXFileReference; fileEncoding = 4; lastKnownFileType = sourcecode.swift; path = ArrayList.swift; sourceTree = "<group>"; };
		214A14AF1EECCEB100BB569B /* AbsArrayList.swift */ = {isa = PBXFileReference; fileEncoding = 4; lastKnownFileType = sourcecode.swift; path = AbsArrayList.swift; sourceTree = "<group>"; };
		214A14B11EECD08D00BB569B /* FF_ArrayList.swift */ = {isa = PBXFileReference; fileEncoding = 4; lastKnownFileType = sourcecode.swift; path = FF_ArrayList.swift; sourceTree = "<group>"; };
		214A14B41EECD31D00BB569B /* FF_IArray.swift */ = {isa = PBXFileReference; fileEncoding = 4; lastKnownFileType = sourcecode.swift; path = FF_IArray.swift; sourceTree = "<group>"; };
		214A14B61EECD40C00BB569B /* FF_ConcreteArray.swift */ = {isa = PBXFileReference; fileEncoding = 4; lastKnownFileType = sourcecode.swift; path = FF_ConcreteArray.swift; sourceTree = "<group>"; };
		214A14BC1EECD7FD00BB569B /* BaseModel.swift */ = {isa = PBXFileReference; fileEncoding = 4; lastKnownFileType = sourcecode.swift; path = BaseModel.swift; sourceTree = "<group>"; };
		214A14BE1EECD84100BB569B /* User.swift */ = {isa = PBXFileReference; fileEncoding = 4; lastKnownFileType = sourcecode.swift; path = User.swift; sourceTree = "<group>"; };
		214A14C01EECD87600BB569B /* FF_ModelArray.swift */ = {isa = PBXFileReference; fileEncoding = 4; lastKnownFileType = sourcecode.swift; path = FF_ModelArray.swift; sourceTree = "<group>"; };
		214A14C31EED158F00BB569B /* UserWhere.swift */ = {isa = PBXFileReference; fileEncoding = 4; lastKnownFileType = sourcecode.swift; name = UserWhere.swift; path = Simple6/UserWhere.swift; sourceTree = "<group>"; };
/* End PBXFileReference section */

/* Begin PBXFrameworksBuildPhase section */
		21262FE41EEA96E800DFBC2D /* Frameworks */ = {
			isa = PBXFrameworksBuildPhase;
			buildActionMask = 2147483647;
			files = (
			);
			runOnlyForDeploymentPostprocessing = 0;
		};
/* End PBXFrameworksBuildPhase section */

/* Begin PBXGroup section */
		21262FDE1EEA96E800DFBC2D = {
			isa = PBXGroup;
			children = (
				21262FE91EEA96E800DFBC2D /* genericity-ex */,
				21262FE81EEA96E800DFBC2D /* Products */,
			);
			sourceTree = "<group>";
		};
		21262FE81EEA96E800DFBC2D /* Products */ = {
			isa = PBXGroup;
			children = (
				21262FE71EEA96E800DFBC2D /* genericity-ex */,
			);
			name = Products;
			sourceTree = "<group>";
		};
		21262FE91EEA96E800DFBC2D /* genericity-ex */ = {
			isa = PBXGroup;
			children = (
				21262FF11EEA974900DFBC2D /* Generics */,
				21262FEA1EEA96E800DFBC2D /* main.swift */,
			);
			path = "genericity-ex";
			sourceTree = "<group>";
		};
		21262FF11EEA974900DFBC2D /* Generics */ = {
			isa = PBXGroup;
			children = (
				214A14C21EED151D00BB569B /* Simple6 */,
				214A14B81EECD7B000BB569B /* Simple5 */,
				214A14B31EECD2ED00BB569B /* Simple4 */,
				214A14AE1EECCE8B00BB569B /* Simple3 */,
				21262FF51EEA9E6700DFBC2D /* Simple2 */,
				21262FF21EEA977400DFBC2D /* Simple1 */,
			);
			path = Generics;
			sourceTree = "<group>";
		};
		21262FF21EEA977400DFBC2D /* Simple1 */ = {
			isa = PBXGroup;
			children = (
				21262FF31EEA97FE00DFBC2D /* GenericsTest.swift */,
			);
			path = Simple1;
			sourceTree = "<group>";
		};
		21262FF51EEA9E6700DFBC2D /* Simple2 */ = {
			isa = PBXGroup;
			children = (
				21262FF61EEA9E9200DFBC2D /* ArrayList.swift */,
			);
			path = Simple2;
			sourceTree = "<group>";
		};
		214A14AE1EECCE8B00BB569B /* Simple3 */ = {
			isa = PBXGroup;
			children = (
				214A14AF1EECCEB100BB569B /* AbsArrayList.swift */,
				214A14B11EECD08D00BB569B /* FF_ArrayList.swift */,
			);
			path = Simple3;
			sourceTree = "<group>";
		};
		214A14B31EECD2ED00BB569B /* Simple4 */ = {
			isa = PBXGroup;
			children = (
				214A14B41EECD31D00BB569B /* FF_IArray.swift */,
				214A14B61EECD40C00BB569B /* FF_ConcreteArray.swift */,
			);
			path = Simple4;
			sourceTree = "<group>";
		};
		214A14B81EECD7B000BB569B /* Simple5 */ = {
			isa = PBXGroup;
			children = (
				214A14BB1EECD7DC00BB569B /* Model */,
				214A14C01EECD87600BB569B /* FF_ModelArray.swift */,
			);
			path = Simple5;
			sourceTree = "<group>";
		};
		214A14BB1EECD7DC00BB569B /* Model */ = {
			isa = PBXGroup;
			children = (
				214A14BC1EECD7FD00BB569B /* BaseModel.swift */,
				214A14BE1EECD84100BB569B /* User.swift */,
			);
			path = Model;
			sourceTree = "<group>";
		};
		214A14C21EED151D00BB569B /* Simple6 */ = {
			isa = PBXGroup;
			children = (
				214A14C31EED158F00BB569B /* UserWhere.swift */,
			);
			name = Simple6;
			sourceTree = "<group>";
		};
/* End PBXGroup section */

/* Begin PBXNativeTarget section */
		21262FE61EEA96E800DFBC2D /* genericity-ex */ = {
			isa = PBXNativeTarget;
			buildConfigurationList = 21262FEE1EEA96E800DFBC2D /* Build configuration list for PBXNativeTarget "genericity-ex" */;
			buildPhases = (
				21262FE31EEA96E800DFBC2D /* Sources */,
				21262FE41EEA96E800DFBC2D /* Frameworks */,
				21262FE51EEA96E800DFBC2D /* CopyFiles */,
			);
			buildRules = (
			);
			dependencies = (
			);
			name = "genericity-ex";
			productName = "genericity-ex";
			productReference = 21262FE71EEA96E800DFBC2D /* genericity-ex */;
			productType = "com.apple.product-type.tool";
		};
/* End PBXNativeTarget section */

/* Begin PBXProject section */
		21262FDF1EEA96E800DFBC2D /* Project object */ = {
			isa = PBXProject;
			attributes = {
				LastSwiftUpdateCheck = 0830;
				LastUpgradeCheck = 0830;
				ORGANIZATIONNAME = ffwang;
				TargetAttributes = {
					21262FE61EEA96E800DFBC2D = {
						CreatedOnToolsVersion = 8.3.2;
						DevelopmentTeam = J976TJLNVR;
						ProvisioningStyle = Automatic;
					};
				};
			};
			buildConfigurationList = 21262FE21EEA96E800DFBC2D /* Build configuration list for PBXProject "genericity-ex" */;
			compatibilityVersion = "Xcode 3.2";
			developmentRegion = English;
			hasScannedForEncodings = 0;
			knownRegions = (
				en,
			);
			mainGroup = 21262FDE1EEA96E800DFBC2D;
			productRefGroup = 21262FE81EEA96E800DFBC2D /* Products */;
			projectDirPath = "";
			projectRoot = "";
			targets = (
				21262FE61EEA96E800DFBC2D /* genericity-ex */,
			);
		};
/* End PBXProject section */

/* Begin PBXSourcesBuildPhase section */
		21262FE31EEA96E800DFBC2D /* Sources */ = {
			isa = PBXSourcesBuildPhase;
			buildActionMask = 2147483647;
			files = (
				214A14B71EECD40C00BB569B /* FF_ConcreteArray.swift in Sources */,
				21262FEB1EEA96E800DFBC2D /* main.swift in Sources */,
				21262FF71EEA9E9200DFBC2D /* ArrayList.swift in Sources */,
				214A14B01EECCEB100BB569B /* AbsArrayList.swift in Sources */,
				21262FF41EEA97FE00DFBC2D /* GenericsTest.swift in Sources */,
				214A14BF1EECD84100BB569B /* User.swift in Sources */,
				214A14B21EECD08D00BB569B /* FF_ArrayList.swift in Sources */,
				214A14C11EECD87600BB569B /* FF_ModelArray.swift in Sources */,
				214A14BD1EECD7FD00BB569B /* BaseModel.swift in Sources */,
				214A14C41EED158F00BB569B /* UserWhere.swift in Sources */,
				214A14B51EECD31D00BB569B /* FF_IArray.swift in Sources */,
			);
			runOnlyForDeploymentPostprocessing = 0;
		};
/* End PBXSourcesBuildPhase section */

/* Begin XCBuildConfiguration section */
		21262FEC1EEA96E800DFBC2D /* Debug */ = {
			isa = XCBuildConfiguration;
			buildSettings = {
				ALWAYS_SEARCH_USER_PATHS = NO;
				CLANG_ANALYZER_NONNULL = YES;
				CLANG_ANALYZER_NUMBER_OBJECT_CONVERSION = YES_AGGRESSIVE;
				CLANG_CXX_LANGUAGE_STANDARD = "gnu++0x";
				CLANG_CXX_LIBRARY = "libc++";
				CLANG_ENABLE_MODULES = YES;
				CLANG_ENABLE_OBJC_ARC = YES;
				CLANG_WARN_BOOL_CONVERSION = YES;
				CLANG_WARN_CONSTANT_CONVERSION = YES;
				CLANG_WARN_DIRECT_OBJC_ISA_USAGE = YES_ERROR;
				CLANG_WARN_DOCUMENTATION_COMMENTS = YES;
				CLANG_WARN_EMPTY_BODY = YES;
				CLANG_WARN_ENUM_CONVERSION = YES;
				CLANG_WARN_INFINITE_RECURSION = YES;
				CLANG_WARN_INT_CONVERSION = YES;
				CLANG_WARN_OBJC_ROOT_CLASS = YES_ERROR;
				CLANG_WARN_SUSPICIOUS_MOVE = YES;
				CLANG_WARN_UNREACHABLE_CODE = YES;
				CLANG_WARN__DUPLICATE_METHOD_MATCH = YES;
				CODE_SIGN_IDENTITY = "-";
				COPY_PHASE_STRIP = NO;
				DEBUG_INFORMATION_FORMAT = dwarf;
				ENABLE_STRICT_OBJC_MSGSEND = YES;
				ENABLE_TESTABILITY = YES;
				GCC_C_LANGUAGE_STANDARD = gnu99;
				GCC_DYNAMIC_NO_PIC = NO;
				GCC_NO_COMMON_BLOCKS = YES;
				GCC_OPTIMIZATION_LEVEL = 0;
				GCC_PREPROCESSOR_DEFINITIONS = (
					"DEBUG=1",
					"$(inherited)",
				);
				GCC_WARN_64_TO_32_BIT_CONVERSION = YES;
				GCC_WARN_ABOUT_RETURN_TYPE = YES_ERROR;
				GCC_WARN_UNDECLARED_SELECTOR = YES;
				GCC_WARN_UNINITIALIZED_AUTOS = YES_AGGRESSIVE;
				GCC_WARN_UNUSED_FUNCTION = YES;
				GCC_WARN_UNUSED_VARIABLE = YES;
				MACOSX_DEPLOYMENT_TARGET = 10.12;
				MTL_ENABLE_DEBUG_INFO = YES;
				ONLY_ACTIVE_ARCH = YES;
				SDKROOT = macosx;
				SWIFT_OPTIMIZATION_LEVEL = "-Onone";
			};
			name = Debug;
		};
		21262FED1EEA96E800DFBC2D /* Release */ = {
			isa = XCBuildConfiguration;
			buildSettings = {
				ALWAYS_SEARCH_USER_PATHS = NO;
				CLANG_ANALYZER_NONNULL = YES;
				CLANG_ANALYZER_NUMBER_OBJECT_CONVERSION = YES_AGGRESSIVE;
				CLANG_CXX_LANGUAGE_STANDARD = "gnu++0x";
				CLANG_CXX_LIBRARY = "libc++";
				CLANG_ENABLE_MODULES = YES;
				CLANG_ENABLE_OBJC_ARC = YES;
				CLANG_WARN_BOOL_CONVERSION = YES;
				CLANG_WARN_CONSTANT_CONVERSION = YES;
				CLANG_WARN_DIRECT_OBJC_ISA_USAGE = YES_ERROR;
				CLANG_WARN_DOCUMENTATION_COMMENTS = YES;
				CLANG_WARN_EMPTY_BODY = YES;
				CLANG_WARN_ENUM_CONVERSION = YES;
				CLANG_WARN_INFINITE_RECURSION = YES;
				CLANG_WARN_INT_CONVERSION = YES;
				CLANG_WARN_OBJC_ROOT_CLASS = YES_ERROR;
				CLANG_WARN_SUSPICIOUS_MOVE = YES;
				CLANG_WARN_UNREACHABLE_CODE = YES;
				CLANG_WARN__DUPLICATE_METHOD_MATCH = YES;
				CODE_SIGN_IDENTITY = "-";
				COPY_PHASE_STRIP = NO;
				DEBUG_INFORMATION_FORMAT = "dwarf-with-dsym";
				ENABLE_NS_ASSERTIONS = NO;
				ENABLE_STRICT_OBJC_MSGSEND = YES;
				GCC_C_LANGUAGE_STANDARD = gnu99;
				GCC_NO_COMMON_BLOCKS = YES;
				GCC_WARN_64_TO_32_BIT_CONVERSION = YES;
				GCC_WARN_ABOUT_RETURN_TYPE = YES_ERROR;
				GCC_WARN_UNDECLARED_SELECTOR = YES;
				GCC_WARN_UNINITIALIZED_AUTOS = YES_AGGRESSIVE;
				GCC_WARN_UNUSED_FUNCTION = YES;
				GCC_WARN_UNUSED_VARIABLE = YES;
				MACOSX_DEPLOYMENT_TARGET = 10.12;
				MTL_ENABLE_DEBUG_INFO = NO;
				SDKROOT = macosx;
			};
			name = Release;
		};
		21262FEF1EEA96E800DFBC2D /* Debug */ = {
			isa = XCBuildConfiguration;
			buildSettings = {
				DEVELOPMENT_TEAM = J976TJLNVR;
				PRODUCT_NAME = "$(TARGET_NAME)";
				SWIFT_VERSION = 3.0;
			};
			name = Debug;
		};
		21262FF01EEA96E800DFBC2D /* Release */ = {
			isa = XCBuildConfiguration;
			buildSettings = {
				DEVELOPMENT_TEAM = J976TJLNVR;
				PRODUCT_NAME = "$(TARGET_NAME)";
				SWIFT_VERSION = 3.0;
			};
			name = Release;
		};
/* End XCBuildConfiguration section */

/* Begin XCConfigurationList section */
		21262FE21EEA96E800DFBC2D /* Build configuration list for PBXProject "genericity-ex" */ = {
			isa = XCConfigurationList;
			buildConfigurations = (
				21262FEC1EEA96E800DFBC2D /* Debug */,
				21262FED1EEA96E800DFBC2D /* Release */,
			);
			defaultConfigurationIsVisible = 0;
			defaultConfigurationName = Release;
		};
		21262FEE1EEA96E800DFBC2D /* Build configuration list for PBXNativeTarget "genericity-ex" */ = {
			isa = XCConfigurationList;
			buildConfigurations = (
				21262FEF1EEA96E800DFBC2D /* Debug */,
				21262FF01EEA96E800DFBC2D /* Release */,
			);
			defaultConfigurationIsVisible = 0;
			defaultConfigurationName = Release;
		};
/* End XCConfigurationList section */
	};
	rootObject = 21262FDF1EEA96E800DFBC2D /* Project object */;
}
