// !$*UTF8*$!
{
	archiveVersion = 1;
	classes = {
	};
	objectVersion = 46;
	objects = {

/* Begin PBXBuildFile section */
		21A212781EE78F10001D47FD /* main.swift in Sources */ = {isa = PBXBuildFile; fileRef = 21A212771EE78F10001D47FD /* main.swift */; };
		21A212801EE793AD001D47FD /* TemplateComputer.swift in Sources */ = {isa = PBXBuildFile; fileRef = 21A2127F1EE793AD001D47FD /* TemplateComputer.swift */; };
		21A212821EE79437001D47FD /* UserComputer.swift in Sources */ = {isa = PBXBuildFile; fileRef = 21A212811EE79437001D47FD /* UserComputer.swift */; };
		21A212841EE7945C001D47FD /* NationalComputer.swift in Sources */ = {isa = PBXBuildFile; fileRef = 21A212831EE7945C001D47FD /* NationalComputer.swift */; };
/* End PBXBuildFile section */

/* Begin PBXCopyFilesBuildPhase section */
		21A212721EE78F10001D47FD /* CopyFiles */ = {
			isa = PBXCopyFilesBuildPhase;
			buildActionMask = 2147483647;
			dstPath = /usr/share/man/man1/;
			dstSubfolderSpec = 0;
			files = (
			);
			runOnlyForDeploymentPostprocessing = 1;
		};
/* End PBXCopyFilesBuildPhase section */

/* Begin PBXFileReference section */
		21A212741EE78F10001D47FD /* TemplateMethod */ = {isa = PBXFileReference; explicitFileType = "compiled.mach-o.executable"; includeInIndex = 0; path = TemplateMethod; sourceTree = BUILT_PRODUCTS_DIR; };
		21A212771EE78F10001D47FD /* main.swift */ = {isa = PBXFileReference; lastKnownFileType = sourcecode.swift; path = main.swift; sourceTree = "<group>"; };
		21A2127F1EE793AD001D47FD /* TemplateComputer.swift */ = {isa = PBXFileReference; fileEncoding = 4; lastKnownFileType = sourcecode.swift; path = TemplateComputer.swift; sourceTree = "<group>"; };
		21A212811EE79437001D47FD /* UserComputer.swift */ = {isa = PBXFileReference; fileEncoding = 4; lastKnownFileType = sourcecode.swift; path = UserComputer.swift; sourceTree = "<group>"; };
		21A212831EE7945C001D47FD /* NationalComputer.swift */ = {isa = PBXFileReference; fileEncoding = 4; lastKnownFileType = sourcecode.swift; path = NationalComputer.swift; sourceTree = "<group>"; };
/* End PBXFileReference section */

/* Begin PBXFrameworksBuildPhase section */
		21A212711EE78F10001D47FD /* Frameworks */ = {
			isa = PBXFrameworksBuildPhase;
			buildActionMask = 2147483647;
			files = (
			);
			runOnlyForDeploymentPostprocessing = 0;
		};
/* End PBXFrameworksBuildPhase section */

/* Begin PBXGroup section */
		21A2126B1EE78F10001D47FD = {
			isa = PBXGroup;
			children = (
				21A212761EE78F10001D47FD /* TemplateMethod */,
				21A212751EE78F10001D47FD /* Products */,
			);
			sourceTree = "<group>";
		};
		21A212751EE78F10001D47FD /* Products */ = {
			isa = PBXGroup;
			children = (
				21A212741EE78F10001D47FD /* TemplateMethod */,
			);
			name = Products;
			sourceTree = "<group>";
		};
		21A212761EE78F10001D47FD /* TemplateMethod */ = {
			isa = PBXGroup;
			children = (
				21A212771EE78F10001D47FD /* main.swift */,
				21A2127F1EE793AD001D47FD /* TemplateComputer.swift */,
				21A212811EE79437001D47FD /* UserComputer.swift */,
				21A212831EE7945C001D47FD /* NationalComputer.swift */,
			);
			path = TemplateMethod;
			sourceTree = "<group>";
		};
/* End PBXGroup section */

/* Begin PBXNativeTarget section */
		21A212731EE78F10001D47FD /* TemplateMethod */ = {
			isa = PBXNativeTarget;
			buildConfigurationList = 21A2127B1EE78F10001D47FD /* Build configuration list for PBXNativeTarget "TemplateMethod" */;
			buildPhases = (
				21A212701EE78F10001D47FD /* Sources */,
				21A212711EE78F10001D47FD /* Frameworks */,
				21A212721EE78F10001D47FD /* CopyFiles */,
			);
			buildRules = (
			);
			dependencies = (
			);
			name = TemplateMethod;
			productName = TemplateMethod;
			productReference = 21A212741EE78F10001D47FD /* TemplateMethod */;
			productType = "com.apple.product-type.tool";
		};
/* End PBXNativeTarget section */

/* Begin PBXProject section */
		21A2126C1EE78F10001D47FD /* Project object */ = {
			isa = PBXProject;
			attributes = {
				LastSwiftUpdateCheck = 0830;
				LastUpgradeCheck = 0830;
				ORGANIZATIONNAME = ffwang;
				TargetAttributes = {
					21A212731EE78F10001D47FD = {
						CreatedOnToolsVersion = 8.3.2;
						DevelopmentTeam = J976TJLNVR;
						ProvisioningStyle = Automatic;
					};
				};
			};
			buildConfigurationList = 21A2126F1EE78F10001D47FD /* Build configuration list for PBXProject "TemplateMethod" */;
			compatibilityVersion = "Xcode 3.2";
			developmentRegion = English;
			hasScannedForEncodings = 0;
			knownRegions = (
				en,
			);
			mainGroup = 21A2126B1EE78F10001D47FD;
			productRefGroup = 21A212751EE78F10001D47FD /* Products */;
			projectDirPath = "";
			projectRoot = "";
			targets = (
				21A212731EE78F10001D47FD /* TemplateMethod */,
			);
		};
/* End PBXProject section */

/* Begin PBXSourcesBuildPhase section */
		21A212701EE78F10001D47FD /* Sources */ = {
			isa = PBXSourcesBuildPhase;
			buildActionMask = 2147483647;
			files = (
				21A212801EE793AD001D47FD /* TemplateComputer.swift in Sources */,
				21A212821EE79437001D47FD /* UserComputer.swift in Sources */,
				21A212841EE7945C001D47FD /* NationalComputer.swift in Sources */,
				21A212781EE78F10001D47FD /* main.swift in Sources */,
			);
			runOnlyForDeploymentPostprocessing = 0;
		};
/* End PBXSourcesBuildPhase section */

/* Begin XCBuildConfiguration section */
		21A212791EE78F10001D47FD /* Debug */ = {
			isa = XCBuildConfiguration;
			buildSettings = {
				ALWAYS_SEARCH_USER_PATHS = NO;
				CLANG_ANALYZER_NONNULL = YES;
				CLANG_ANALYZER_NUMBER_OBJECT_CONVERSION = YES_AGGRESSIVE;
				CLANG_CXX_LANGUAGE_STANDARD = "gnu++0x";
				CLANG_CXX_LIBRARY = "libc++";
				CLANG_ENABLE_MODULES = YES;
				CLANG_ENABLE_OBJC_ARC = YES;
				CLANG_WARN_BOOL_CONVERSION = YES;
				CLANG_WARN_CONSTANT_CONVERSION = YES;
				CLANG_WARN_DIRECT_OBJC_ISA_USAGE = YES_ERROR;
				CLANG_WARN_DOCUMENTATION_COMMENTS = YES;
				CLANG_WARN_EMPTY_BODY = YES;
				CLANG_WARN_ENUM_CONVERSION = YES;
				CLANG_WARN_INFINITE_RECURSION = YES;
				CLANG_WARN_INT_CONVERSION = YES;
				CLANG_WARN_OBJC_ROOT_CLASS = YES_ERROR;
				CLANG_WARN_SUSPICIOUS_MOVE = YES;
				CLANG_WARN_UNREACHABLE_CODE = YES;
				CLANG_WARN__DUPLICATE_METHOD_MATCH = YES;
				CODE_SIGN_IDENTITY = "-";
				COPY_PHASE_STRIP = NO;
				DEBUG_INFORMATION_FORMAT = dwarf;
				ENABLE_STRICT_OBJC_MSGSEND = YES;
				ENABLE_TESTABILITY = YES;
				GCC_C_LANGUAGE_STANDARD = gnu99;
				GCC_DYNAMIC_NO_PIC = NO;
				GCC_NO_COMMON_BLOCKS = YES;
				GCC_OPTIMIZATION_LEVEL = 0;
				GCC_PREPROCESSOR_DEFINITIONS = (
					"DEBUG=1",
					"$(inherited)",
				);
				GCC_WARN_64_TO_32_BIT_CONVERSION = YES;
				GCC_WARN_ABOUT_RETURN_TYPE = YES_ERROR;
				GCC_WARN_UNDECLARED_SELECTOR = YES;
				GCC_WARN_UNINITIALIZED_AUTOS = YES_AGGRESSIVE;
				GCC_WARN_UNUSED_FUNCTION = YES;
				GCC_WARN_UNUSED_VARIABLE = YES;
				MACOSX_DEPLOYMENT_TARGET = 10.12;
				MTL_ENABLE_DEBUG_INFO = YES;
				ONLY_ACTIVE_ARCH = YES;
				SDKROOT = macosx;
				SWIFT_OPTIMIZATION_LEVEL = "-Onone";
			};
			name = Debug;
		};
		21A2127A1EE78F10001D47FD /* Release */ = {
			isa = XCBuildConfiguration;
			buildSettings = {
				ALWAYS_SEARCH_USER_PATHS = NO;
				CLANG_ANALYZER_NONNULL = YES;
				CLANG_ANALYZER_NUMBER_OBJECT_CONVERSION = YES_AGGRESSIVE;
				CLANG_CXX_LANGUAGE_STANDARD = "gnu++0x";
				CLANG_CXX_LIBRARY = "libc++";
				CLANG_ENABLE_MODULES = YES;
				CLANG_ENABLE_OBJC_ARC = YES;
				CLANG_WARN_BOOL_CONVERSION = YES;
				CLANG_WARN_CONSTANT_CONVERSION = YES;
				CLANG_WARN_DIRECT_OBJC_ISA_USAGE = YES_ERROR;
				CLANG_WARN_DOCUMENTATION_COMMENTS = YES;
				CLANG_WARN_EMPTY_BODY = YES;
				CLANG_WARN_ENUM_CONVERSION = YES;
				CLANG_WARN_INFINITE_RECURSION = YES;
				CLANG_WARN_INT_CONVERSION = YES;
				CLANG_WARN_OBJC_ROOT_CLASS = YES_ERROR;
				CLANG_WARN_SUSPICIOUS_MOVE = YES;
				CLANG_WARN_UNREACHABLE_CODE = YES;
				CLANG_WARN__DUPLICATE_METHOD_MATCH = YES;
				CODE_SIGN_IDENTITY = "-";
				COPY_PHASE_STRIP = NO;
				DEBUG_INFORMATION_FORMAT = "dwarf-with-dsym";
				ENABLE_NS_ASSERTIONS = NO;
				ENABLE_STRICT_OBJC_MSGSEND = YES;
				GCC_C_LANGUAGE_STANDARD = gnu99;
				GCC_NO_COMMON_BLOCKS = YES;
				GCC_WARN_64_TO_32_BIT_CONVERSION = YES;
				GCC_WARN_ABOUT_RETURN_TYPE = YES_ERROR;
				GCC_WARN_UNDECLARED_SELECTOR = YES;
				GCC_WARN_UNINITIALIZED_AUTOS = YES_AGGRESSIVE;
				GCC_WARN_UNUSED_FUNCTION = YES;
				GCC_WARN_UNUSED_VARIABLE = YES;
				MACOSX_DEPLOYMENT_TARGET = 10.12;
				MTL_ENABLE_DEBUG_INFO = NO;
				SDKROOT = macosx;
			};
			name = Release;
		};
		21A2127C1EE78F10001D47FD /* Debug */ = {
			isa = XCBuildConfiguration;
			buildSettings = {
				DEVELOPMENT_TEAM = J976TJLNVR;
				PRODUCT_NAME = "$(TARGET_NAME)";
				SWIFT_VERSION = 3.0;
			};
			name = Debug;
		};
		21A2127D1EE78F10001D47FD /* Release */ = {
			isa = XCBuildConfiguration;
			buildSettings = {
				DEVELOPMENT_TEAM = J976TJLNVR;
				PRODUCT_NAME = "$(TARGET_NAME)";
				SWIFT_VERSION = 3.0;
			};
			name = Release;
		};
/* End XCBuildConfiguration section */

/* Begin XCConfigurationList section */
		21A2126F1EE78F10001D47FD /* Build configuration list for PBXProject "TemplateMethod" */ = {
			isa = XCConfigurationList;
			buildConfigurations = (
				21A212791EE78F10001D47FD /* Debug */,
				21A2127A1EE78F10001D47FD /* Release */,
			);
			defaultConfigurationIsVisible = 0;
			defaultConfigurationName = Release;
		};
		21A2127B1EE78F10001D47FD /* Build configuration list for PBXNativeTarget "TemplateMethod" */ = {
			isa = XCConfigurationList;
			buildConfigurations = (
				21A2127C1EE78F10001D47FD /* Debug */,
				21A2127D1EE78F10001D47FD /* Release */,
			);
			defaultConfigurationIsVisible = 0;
		};
/* End XCConfigurationList section */
	};
	rootObject = 21A2126C1EE78F10001D47FD /* Project object */;
}
