// !$*UTF8*$!
{
	archiveVersion = 1;
	classes = {
	};
	objectVersion = 46;
	objects = {

/* Begin PBXBuildFile section */
		215815211EEF7F5400AA3F43 /* main.swift in Sources */ = {isa = PBXBuildFile; fileRef = 215815201EEF7F5400AA3F43 /* main.swift */; };
		21B45D491EF0DCF2003AED10 /* FF_MacComputer.swift in Sources */ = {isa = PBXBuildFile; fileRef = 21B45D481EF0DCF2003AED10 /* FF_MacComputer.swift */; };
		21B45D4B1EF0DDA3003AED10 /* FF_ComputerCommand.swift in Sources */ = {isa = PBXBuildFile; fileRef = 21B45D4A1EF0DDA3003AED10 /* FF_ComputerCommand.swift */; };
		21B45D4D1EF0DDDA003AED10 /* FF_MacStartupCommand.swift in Sources */ = {isa = PBXBuildFile; fileRef = 21B45D4C1EF0DDDA003AED10 /* FF_MacStartupCommand.swift */; };
		21B45D4F1EF0DE74003AED10 /* FF_MacShutdownCommand.swift in Sources */ = {isa = PBXBuildFile; fileRef = 21B45D4E1EF0DE74003AED10 /* FF_MacShutdownCommand.swift */; };
		21B45D511EF0DEBD003AED10 /* FF_MacInvoker.swift in Sources */ = {isa = PBXBuildFile; fileRef = 21B45D501EF0DEBD003AED10 /* FF_MacInvoker.swift */; };
		21FE64061EF37B7600E52F25 /* FF_TetrisMachine.swift in Sources */ = {isa = PBXBuildFile; fileRef = 21FE64051EF37B7600E52F25 /* FF_TetrisMachine.swift */; };
		21FE64081EF37BD300E52F25 /* FF_TMCommandProtocol.swift in Sources */ = {isa = PBXBuildFile; fileRef = 21FE64071EF37BD300E52F25 /* FF_TMCommandProtocol.swift */; };
		21FE640A1EF37C1200E52F25 /* FF_TMLeftCommand.swift in Sources */ = {isa = PBXBuildFile; fileRef = 21FE64091EF37C1200E52F25 /* FF_TMLeftCommand.swift */; };
		21FE640C1EF37D4200E52F25 /* FF_TMRightCommand.swift in Sources */ = {isa = PBXBuildFile; fileRef = 21FE640B1EF37D4200E52F25 /* FF_TMRightCommand.swift */; };
		21FE640E1EF37D6D00E52F25 /* FF_TMButtomCommand.swift in Sources */ = {isa = PBXBuildFile; fileRef = 21FE640D1EF37D6D00E52F25 /* FF_TMButtomCommand.swift */; };
		21FE64101EF37DB800E52F25 /* FF_TMTransformCommand.swift in Sources */ = {isa = PBXBuildFile; fileRef = 21FE640F1EF37DB800E52F25 /* FF_TMTransformCommand.swift */; };
		21FE64121EF37DEB00E52F25 /* Buttons_2.swift in Sources */ = {isa = PBXBuildFile; fileRef = 21FE64111EF37DEB00E52F25 /* Buttons_2.swift */; };
/* End PBXBuildFile section */

/* Begin PBXCopyFilesBuildPhase section */
		2158151B1EEF7F5400AA3F43 /* CopyFiles */ = {
			isa = PBXCopyFilesBuildPhase;
			buildActionMask = 2147483647;
			dstPath = /usr/share/man/man1/;
			dstSubfolderSpec = 0;
			files = (
			);
			runOnlyForDeploymentPostprocessing = 1;
		};
/* End PBXCopyFilesBuildPhase section */

/* Begin PBXFileReference section */
		2158151D1EEF7F5400AA3F43 /* Command-ex */ = {isa = PBXFileReference; explicitFileType = "compiled.mach-o.executable"; includeInIndex = 0; path = "Command-ex"; sourceTree = BUILT_PRODUCTS_DIR; };
		215815201EEF7F5400AA3F43 /* main.swift */ = {isa = PBXFileReference; lastKnownFileType = sourcecode.swift; path = main.swift; sourceTree = "<group>"; };
		21B45D481EF0DCF2003AED10 /* FF_MacComputer.swift */ = {isa = PBXFileReference; fileEncoding = 4; lastKnownFileType = sourcecode.swift; path = FF_MacComputer.swift; sourceTree = "<group>"; };
		21B45D4A1EF0DDA3003AED10 /* FF_ComputerCommand.swift */ = {isa = PBXFileReference; fileEncoding = 4; lastKnownFileType = sourcecode.swift; path = FF_ComputerCommand.swift; sourceTree = "<group>"; };
		21B45D4C1EF0DDDA003AED10 /* FF_MacStartupCommand.swift */ = {isa = PBXFileReference; fileEncoding = 4; lastKnownFileType = sourcecode.swift; path = FF_MacStartupCommand.swift; sourceTree = "<group>"; };
		21B45D4E1EF0DE74003AED10 /* FF_MacShutdownCommand.swift */ = {isa = PBXFileReference; fileEncoding = 4; lastKnownFileType = sourcecode.swift; path = FF_MacShutdownCommand.swift; sourceTree = "<group>"; };
		21B45D501EF0DEBD003AED10 /* FF_MacInvoker.swift */ = {isa = PBXFileReference; fileEncoding = 4; lastKnownFileType = sourcecode.swift; path = FF_MacInvoker.swift; sourceTree = "<group>"; };
		21FE64051EF37B7600E52F25 /* FF_TetrisMachine.swift */ = {isa = PBXFileReference; fileEncoding = 4; lastKnownFileType = sourcecode.swift; path = FF_TetrisMachine.swift; sourceTree = "<group>"; };
		21FE64071EF37BD300E52F25 /* FF_TMCommandProtocol.swift */ = {isa = PBXFileReference; fileEncoding = 4; lastKnownFileType = sourcecode.swift; path = FF_TMCommandProtocol.swift; sourceTree = "<group>"; };
		21FE64091EF37C1200E52F25 /* FF_TMLeftCommand.swift */ = {isa = PBXFileReference; fileEncoding = 4; lastKnownFileType = sourcecode.swift; path = FF_TMLeftCommand.swift; sourceTree = "<group>"; };
		21FE640B1EF37D4200E52F25 /* FF_TMRightCommand.swift */ = {isa = PBXFileReference; fileEncoding = 4; lastKnownFileType = sourcecode.swift; path = FF_TMRightCommand.swift; sourceTree = "<group>"; };
		21FE640D1EF37D6D00E52F25 /* FF_TMButtomCommand.swift */ = {isa = PBXFileReference; fileEncoding = 4; lastKnownFileType = sourcecode.swift; path = FF_TMButtomCommand.swift; sourceTree = "<group>"; };
		21FE640F1EF37DB800E52F25 /* FF_TMTransformCommand.swift */ = {isa = PBXFileReference; fileEncoding = 4; lastKnownFileType = sourcecode.swift; path = FF_TMTransformCommand.swift; sourceTree = "<group>"; };
		21FE64111EF37DEB00E52F25 /* Buttons_2.swift */ = {isa = PBXFileReference; fileEncoding = 4; lastKnownFileType = sourcecode.swift; path = Buttons_2.swift; sourceTree = "<group>"; };
/* End PBXFileReference section */

/* Begin PBXFrameworksBuildPhase section */
		2158151A1EEF7F5400AA3F43 /* Frameworks */ = {
			isa = PBXFrameworksBuildPhase;
			buildActionMask = 2147483647;
			files = (
			);
			runOnlyForDeploymentPostprocessing = 0;
		};
/* End PBXFrameworksBuildPhase section */

/* Begin PBXGroup section */
		215815141EEF7F5400AA3F43 = {
			isa = PBXGroup;
			children = (
				2158151F1EEF7F5400AA3F43 /* Command-ex */,
				2158151E1EEF7F5400AA3F43 /* Products */,
			);
			sourceTree = "<group>";
		};
		2158151E1EEF7F5400AA3F43 /* Products */ = {
			isa = PBXGroup;
			children = (
				2158151D1EEF7F5400AA3F43 /* Command-ex */,
			);
			name = Products;
			sourceTree = "<group>";
		};
		2158151F1EEF7F5400AA3F43 /* Command-ex */ = {
			isa = PBXGroup;
			children = (
				21FE64041EF37B0600E52F25 /* Simple2 */,
				215815271EEF7FA900AA3F43 /* Simple1 */,
				215815201EEF7F5400AA3F43 /* main.swift */,
			);
			path = "Command-ex";
			sourceTree = "<group>";
		};
		215815271EEF7FA900AA3F43 /* Simple1 */ = {
			isa = PBXGroup;
			children = (
				21B45D481EF0DCF2003AED10 /* FF_MacComputer.swift */,
				21B45D4A1EF0DDA3003AED10 /* FF_ComputerCommand.swift */,
				21B45D4C1EF0DDDA003AED10 /* FF_MacStartupCommand.swift */,
				21B45D4E1EF0DE74003AED10 /* FF_MacShutdownCommand.swift */,
				21B45D501EF0DEBD003AED10 /* FF_MacInvoker.swift */,
			);
			path = Simple1;
			sourceTree = "<group>";
		};
		21FE64041EF37B0600E52F25 /* Simple2 */ = {
			isa = PBXGroup;
			children = (
				21FE64051EF37B7600E52F25 /* FF_TetrisMachine.swift */,
				21FE64071EF37BD300E52F25 /* FF_TMCommandProtocol.swift */,
				21FE64091EF37C1200E52F25 /* FF_TMLeftCommand.swift */,
				21FE640B1EF37D4200E52F25 /* FF_TMRightCommand.swift */,
				21FE640D1EF37D6D00E52F25 /* FF_TMButtomCommand.swift */,
				21FE640F1EF37DB800E52F25 /* FF_TMTransformCommand.swift */,
				21FE64111EF37DEB00E52F25 /* Buttons_2.swift */,
			);
			path = Simple2;
			sourceTree = "<group>";
		};
/* End PBXGroup section */

/* Begin PBXNativeTarget section */
		2158151C1EEF7F5400AA3F43 /* Command-ex */ = {
			isa = PBXNativeTarget;
			buildConfigurationList = 215815241EEF7F5400AA3F43 /* Build configuration list for PBXNativeTarget "Command-ex" */;
			buildPhases = (
				215815191EEF7F5400AA3F43 /* Sources */,
				2158151A1EEF7F5400AA3F43 /* Frameworks */,
				2158151B1EEF7F5400AA3F43 /* CopyFiles */,
			);
			buildRules = (
			);
			dependencies = (
			);
			name = "Command-ex";
			productName = "Command-ex";
			productReference = 2158151D1EEF7F5400AA3F43 /* Command-ex */;
			productType = "com.apple.product-type.tool";
		};
/* End PBXNativeTarget section */

/* Begin PBXProject section */
		215815151EEF7F5400AA3F43 /* Project object */ = {
			isa = PBXProject;
			attributes = {
				CLASSPREFIX = FF_;
				LastSwiftUpdateCheck = 0830;
				LastUpgradeCheck = 0830;
				ORGANIZATIONNAME = ffwang;
				TargetAttributes = {
					2158151C1EEF7F5400AA3F43 = {
						CreatedOnToolsVersion = 8.3.2;
						DevelopmentTeam = J976TJLNVR;
						ProvisioningStyle = Automatic;
					};
				};
			};
			buildConfigurationList = 215815181EEF7F5400AA3F43 /* Build configuration list for PBXProject "Command-ex" */;
			compatibilityVersion = "Xcode 3.2";
			developmentRegion = English;
			hasScannedForEncodings = 0;
			knownRegions = (
				en,
			);
			mainGroup = 215815141EEF7F5400AA3F43;
			productRefGroup = 2158151E1EEF7F5400AA3F43 /* Products */;
			projectDirPath = "";
			projectRoot = "";
			targets = (
				2158151C1EEF7F5400AA3F43 /* Command-ex */,
			);
		};
/* End PBXProject section */

/* Begin PBXSourcesBuildPhase section */
		215815191EEF7F5400AA3F43 /* Sources */ = {
			isa = PBXSourcesBuildPhase;
			buildActionMask = 2147483647;
			files = (
				21B45D491EF0DCF2003AED10 /* FF_MacComputer.swift in Sources */,
				215815211EEF7F5400AA3F43 /* main.swift in Sources */,
				21FE64081EF37BD300E52F25 /* FF_TMCommandProtocol.swift in Sources */,
				21B45D4B1EF0DDA3003AED10 /* FF_ComputerCommand.swift in Sources */,
				21FE64121EF37DEB00E52F25 /* Buttons_2.swift in Sources */,
				21FE64061EF37B7600E52F25 /* FF_TetrisMachine.swift in Sources */,
				21FE64101EF37DB800E52F25 /* FF_TMTransformCommand.swift in Sources */,
				21FE640E1EF37D6D00E52F25 /* FF_TMButtomCommand.swift in Sources */,
				21B45D4F1EF0DE74003AED10 /* FF_MacShutdownCommand.swift in Sources */,
				21FE640A1EF37C1200E52F25 /* FF_TMLeftCommand.swift in Sources */,
				21B45D511EF0DEBD003AED10 /* FF_MacInvoker.swift in Sources */,
				21B45D4D1EF0DDDA003AED10 /* FF_MacStartupCommand.swift in Sources */,
				21FE640C1EF37D4200E52F25 /* FF_TMRightCommand.swift in Sources */,
			);
			runOnlyForDeploymentPostprocessing = 0;
		};
/* End PBXSourcesBuildPhase section */

/* Begin XCBuildConfiguration section */
		215815221EEF7F5400AA3F43 /* Debug */ = {
			isa = XCBuildConfiguration;
			buildSettings = {
				ALWAYS_SEARCH_USER_PATHS = NO;
				CLANG_ANALYZER_NONNULL = YES;
				CLANG_ANALYZER_NUMBER_OBJECT_CONVERSION = YES_AGGRESSIVE;
				CLANG_CXX_LANGUAGE_STANDARD = "gnu++0x";
				CLANG_CXX_LIBRARY = "libc++";
				CLANG_ENABLE_MODULES = YES;
				CLANG_ENABLE_OBJC_ARC = YES;
				CLANG_WARN_BOOL_CONVERSION = YES;
				CLANG_WARN_CONSTANT_CONVERSION = YES;
				CLANG_WARN_DIRECT_OBJC_ISA_USAGE = YES_ERROR;
				CLANG_WARN_DOCUMENTATION_COMMENTS = YES;
				CLANG_WARN_EMPTY_BODY = YES;
				CLANG_WARN_ENUM_CONVERSION = YES;
				CLANG_WARN_INFINITE_RECURSION = YES;
				CLANG_WARN_INT_CONVERSION = YES;
				CLANG_WARN_OBJC_ROOT_CLASS = YES_ERROR;
				CLANG_WARN_SUSPICIOUS_MOVE = YES;
				CLANG_WARN_UNREACHABLE_CODE = YES;
				CLANG_WARN__DUPLICATE_METHOD_MATCH = YES;
				CODE_SIGN_IDENTITY = "-";
				COPY_PHASE_STRIP = NO;
				DEBUG_INFORMATION_FORMAT = dwarf;
				ENABLE_STRICT_OBJC_MSGSEND = YES;
				ENABLE_TESTABILITY = YES;
				GCC_C_LANGUAGE_STANDARD = gnu99;
				GCC_DYNAMIC_NO_PIC = NO;
				GCC_NO_COMMON_BLOCKS = YES;
				GCC_OPTIMIZATION_LEVEL = 0;
				GCC_PREPROCESSOR_DEFINITIONS = (
					"DEBUG=1",
					"$(inherited)",
				);
				GCC_WARN_64_TO_32_BIT_CONVERSION = YES;
				GCC_WARN_ABOUT_RETURN_TYPE = YES_ERROR;
				GCC_WARN_UNDECLARED_SELECTOR = YES;
				GCC_WARN_UNINITIALIZED_AUTOS = YES_AGGRESSIVE;
				GCC_WARN_UNUSED_FUNCTION = YES;
				GCC_WARN_UNUSED_VARIABLE = YES;
				MACOSX_DEPLOYMENT_TARGET = 10.12;
				MTL_ENABLE_DEBUG_INFO = YES;
				ONLY_ACTIVE_ARCH = YES;
				SDKROOT = macosx;
				SWIFT_OPTIMIZATION_LEVEL = "-Onone";
			};
			name = Debug;
		};
		215815231EEF7F5400AA3F43 /* Release */ = {
			isa = XCBuildConfiguration;
			buildSettings = {
				ALWAYS_SEARCH_USER_PATHS = NO;
				CLANG_ANALYZER_NONNULL = YES;
				CLANG_ANALYZER_NUMBER_OBJECT_CONVERSION = YES_AGGRESSIVE;
				CLANG_CXX_LANGUAGE_STANDARD = "gnu++0x";
				CLANG_CXX_LIBRARY = "libc++";
				CLANG_ENABLE_MODULES = YES;
				CLANG_ENABLE_OBJC_ARC = YES;
				CLANG_WARN_BOOL_CONVERSION = YES;
				CLANG_WARN_CONSTANT_CONVERSION = YES;
				CLANG_WARN_DIRECT_OBJC_ISA_USAGE = YES_ERROR;
				CLANG_WARN_DOCUMENTATION_COMMENTS = YES;
				CLANG_WARN_EMPTY_BODY = YES;
				CLANG_WARN_ENUM_CONVERSION = YES;
				CLANG_WARN_INFINITE_RECURSION = YES;
				CLANG_WARN_INT_CONVERSION = YES;
				CLANG_WARN_OBJC_ROOT_CLASS = YES_ERROR;
				CLANG_WARN_SUSPICIOUS_MOVE = YES;
				CLANG_WARN_UNREACHABLE_CODE = YES;
				CLANG_WARN__DUPLICATE_METHOD_MATCH = YES;
				CODE_SIGN_IDENTITY = "-";
				COPY_PHASE_STRIP = NO;
				DEBUG_INFORMATION_FORMAT = "dwarf-with-dsym";
				ENABLE_NS_ASSERTIONS = NO;
				ENABLE_STRICT_OBJC_MSGSEND = YES;
				GCC_C_LANGUAGE_STANDARD = gnu99;
				GCC_NO_COMMON_BLOCKS = YES;
				GCC_WARN_64_TO_32_BIT_CONVERSION = YES;
				GCC_WARN_ABOUT_RETURN_TYPE = YES_ERROR;
				GCC_WARN_UNDECLARED_SELECTOR = YES;
				GCC_WARN_UNINITIALIZED_AUTOS = YES_AGGRESSIVE;
				GCC_WARN_UNUSED_FUNCTION = YES;
				GCC_WARN_UNUSED_VARIABLE = YES;
				MACOSX_DEPLOYMENT_TARGET = 10.12;
				MTL_ENABLE_DEBUG_INFO = NO;
				SDKROOT = macosx;
			};
			name = Release;
		};
		215815251EEF7F5400AA3F43 /* Debug */ = {
			isa = XCBuildConfiguration;
			buildSettings = {
				DEVELOPMENT_TEAM = J976TJLNVR;
				PRODUCT_NAME = "$(TARGET_NAME)";
				SWIFT_VERSION = 3.0;
			};
			name = Debug;
		};
		215815261EEF7F5400AA3F43 /* Release */ = {
			isa = XCBuildConfiguration;
			buildSettings = {
				DEVELOPMENT_TEAM = J976TJLNVR;
				PRODUCT_NAME = "$(TARGET_NAME)";
				SWIFT_VERSION = 3.0;
			};
			name = Release;
		};
/* End XCBuildConfiguration section */

/* Begin XCConfigurationList section */
		215815181EEF7F5400AA3F43 /* Build configuration list for PBXProject "Command-ex" */ = {
			isa = XCConfigurationList;
			buildConfigurations = (
				215815221EEF7F5400AA3F43 /* Debug */,
				215815231EEF7F5400AA3F43 /* Release */,
			);
			defaultConfigurationIsVisible = 0;
			defaultConfigurationName = Release;
		};
		215815241EEF7F5400AA3F43 /* Build configuration list for PBXNativeTarget "Command-ex" */ = {
			isa = XCConfigurationList;
			buildConfigurations = (
				215815251EEF7F5400AA3F43 /* Debug */,
				215815261EEF7F5400AA3F43 /* Release */,
			);
			defaultConfigurationIsVisible = 0;
			defaultConfigurationName = Release;
		};
/* End XCConfigurationList section */
	};
	rootObject = 215815151EEF7F5400AA3F43 /* Project object */;
}
