// !$*UTF8*$!
{
	archiveVersion = 1;
	classes = {
	};
	objectVersion = 46;
	objects = {

/* Begin PBXBuildFile section */
		216CDC601EEE3115005A78B2 /* AppDelegate.swift in Sources */ = {isa = PBXBuildFile; fileRef = 216CDC5F1EEE3115005A78B2 /* AppDelegate.swift */; };
		216CDC621EEE3115005A78B2 /* ViewController.swift in Sources */ = {isa = PBXBuildFile; fileRef = 216CDC611EEE3115005A78B2 /* ViewController.swift */; };
		216CDC651EEE3115005A78B2 /* Main.storyboard in Resources */ = {isa = PBXBuildFile; fileRef = 216CDC631EEE3115005A78B2 /* Main.storyboard */; };
		216CDC671EEE3115005A78B2 /* Assets.xcassets in Resources */ = {isa = PBXBuildFile; fileRef = 216CDC661EEE3115005A78B2 /* Assets.xcassets */; };
		216CDC6A1EEE3115005A78B2 /* LaunchScreen.storyboard in Resources */ = {isa = PBXBuildFile; fileRef = 216CDC681EEE3115005A78B2 /* LaunchScreen.storyboard */; };
		216CDC751EEE3115005A78B2 /* cursor_exTests.swift in Sources */ = {isa = PBXBuildFile; fileRef = 216CDC741EEE3115005A78B2 /* cursor_exTests.swift */; };
		216CDC801EEE3115005A78B2 /* cursor_exUITests.swift in Sources */ = {isa = PBXBuildFile; fileRef = 216CDC7F1EEE3115005A78B2 /* cursor_exUITests.swift */; };
		216CDC8F1EEE317F005A78B2 /* FF_IteratorProtocol.swift in Sources */ = {isa = PBXBuildFile; fileRef = 216CDC8E1EEE317F005A78B2 /* FF_IteratorProtocol.swift */; };
		216CDC911EEE31A7005A78B2 /* FF_AnyIterator.swift in Sources */ = {isa = PBXBuildFile; fileRef = 216CDC901EEE31A7005A78B2 /* FF_AnyIterator.swift */; };
		216CDC931EEE31E7005A78B2 /* FF_ConcreteIterator.swift in Sources */ = {isa = PBXBuildFile; fileRef = 216CDC921EEE31E7005A78B2 /* FF_ConcreteIterator.swift */; };
		216CDC951EEE3384005A78B2 /* FF_AggregateProtocol.swift in Sources */ = {isa = PBXBuildFile; fileRef = 216CDC941EEE3384005A78B2 /* FF_AggregateProtocol.swift */; };
/* End PBXBuildFile section */

/* Begin PBXContainerItemProxy section */
		216CDC711EEE3115005A78B2 /* PBXContainerItemProxy */ = {
			isa = PBXContainerItemProxy;
			containerPortal = 216CDC541EEE3115005A78B2 /* Project object */;
			proxyType = 1;
			remoteGlobalIDString = 216CDC5B1EEE3115005A78B2;
			remoteInfo = "cursor-ex";
		};
		216CDC7C1EEE3115005A78B2 /* PBXContainerItemProxy */ = {
			isa = PBXContainerItemProxy;
			containerPortal = 216CDC541EEE3115005A78B2 /* Project object */;
			proxyType = 1;
			remoteGlobalIDString = 216CDC5B1EEE3115005A78B2;
			remoteInfo = "cursor-ex";
		};
/* End PBXContainerItemProxy section */

/* Begin PBXFileReference section */
		216CDC5C1EEE3115005A78B2 /* cursor-ex.app */ = {isa = PBXFileReference; explicitFileType = wrapper.application; includeInIndex = 0; path = "cursor-ex.app"; sourceTree = BUILT_PRODUCTS_DIR; };
		216CDC5F1EEE3115005A78B2 /* AppDelegate.swift */ = {isa = PBXFileReference; lastKnownFileType = sourcecode.swift; path = AppDelegate.swift; sourceTree = "<group>"; };
		216CDC611EEE3115005A78B2 /* ViewController.swift */ = {isa = PBXFileReference; lastKnownFileType = sourcecode.swift; path = ViewController.swift; sourceTree = "<group>"; };
		216CDC641EEE3115005A78B2 /* Base */ = {isa = PBXFileReference; lastKnownFileType = file.storyboard; name = Base; path = Base.lproj/Main.storyboard; sourceTree = "<group>"; };
		216CDC661EEE3115005A78B2 /* Assets.xcassets */ = {isa = PBXFileReference; lastKnownFileType = folder.assetcatalog; path = Assets.xcassets; sourceTree = "<group>"; };
		216CDC691EEE3115005A78B2 /* Base */ = {isa = PBXFileReference; lastKnownFileType = file.storyboard; name = Base; path = Base.lproj/LaunchScreen.storyboard; sourceTree = "<group>"; };
		216CDC6B1EEE3115005A78B2 /* Info.plist */ = {isa = PBXFileReference; lastKnownFileType = text.plist.xml; path = Info.plist; sourceTree = "<group>"; };
		216CDC701EEE3115005A78B2 /* cursor-exTests.xctest */ = {isa = PBXFileReference; explicitFileType = wrapper.cfbundle; includeInIndex = 0; path = "cursor-exTests.xctest"; sourceTree = BUILT_PRODUCTS_DIR; };
		216CDC741EEE3115005A78B2 /* cursor_exTests.swift */ = {isa = PBXFileReference; lastKnownFileType = sourcecode.swift; path = cursor_exTests.swift; sourceTree = "<group>"; };
		216CDC761EEE3115005A78B2 /* Info.plist */ = {isa = PBXFileReference; lastKnownFileType = text.plist.xml; path = Info.plist; sourceTree = "<group>"; };
		216CDC7B1EEE3115005A78B2 /* cursor-exUITests.xctest */ = {isa = PBXFileReference; explicitFileType = wrapper.cfbundle; includeInIndex = 0; path = "cursor-exUITests.xctest"; sourceTree = BUILT_PRODUCTS_DIR; };
		216CDC7F1EEE3115005A78B2 /* cursor_exUITests.swift */ = {isa = PBXFileReference; lastKnownFileType = sourcecode.swift; path = cursor_exUITests.swift; sourceTree = "<group>"; };
		216CDC811EEE3115005A78B2 /* Info.plist */ = {isa = PBXFileReference; lastKnownFileType = text.plist.xml; path = Info.plist; sourceTree = "<group>"; };
		216CDC8E1EEE317F005A78B2 /* FF_IteratorProtocol.swift */ = {isa = PBXFileReference; fileEncoding = 4; lastKnownFileType = sourcecode.swift; path = FF_IteratorProtocol.swift; sourceTree = "<group>"; };
		216CDC901EEE31A7005A78B2 /* FF_AnyIterator.swift */ = {isa = PBXFileReference; fileEncoding = 4; lastKnownFileType = sourcecode.swift; path = FF_AnyIterator.swift; sourceTree = "<group>"; };
		216CDC921EEE31E7005A78B2 /* FF_ConcreteIterator.swift */ = {isa = PBXFileReference; fileEncoding = 4; lastKnownFileType = sourcecode.swift; path = FF_ConcreteIterator.swift; sourceTree = "<group>"; };
		216CDC941EEE3384005A78B2 /* FF_AggregateProtocol.swift */ = {isa = PBXFileReference; fileEncoding = 4; lastKnownFileType = sourcecode.swift; path = FF_AggregateProtocol.swift; sourceTree = "<group>"; };
/* End PBXFileReference section */

/* Begin PBXFrameworksBuildPhase section */
		216CDC591EEE3115005A78B2 /* Frameworks */ = {
			isa = PBXFrameworksBuildPhase;
			buildActionMask = 2147483647;
			files = (
			);
			runOnlyForDeploymentPostprocessing = 0;
		};
		216CDC6D1EEE3115005A78B2 /* Frameworks */ = {
			isa = PBXFrameworksBuildPhase;
			buildActionMask = 2147483647;
			files = (
			);
			runOnlyForDeploymentPostprocessing = 0;
		};
		216CDC781EEE3115005A78B2 /* Frameworks */ = {
			isa = PBXFrameworksBuildPhase;
			buildActionMask = 2147483647;
			files = (
			);
			runOnlyForDeploymentPostprocessing = 0;
		};
/* End PBXFrameworksBuildPhase section */

/* Begin PBXGroup section */
		216CDC531EEE3115005A78B2 = {
			isa = PBXGroup;
			children = (
				216CDC5E1EEE3115005A78B2 /* cursor-ex */,
				216CDC731EEE3115005A78B2 /* cursor-exTests */,
				216CDC7E1EEE3115005A78B2 /* cursor-exUITests */,
				216CDC5D1EEE3115005A78B2 /* Products */,
			);
			sourceTree = "<group>";
		};
		216CDC5D1EEE3115005A78B2 /* Products */ = {
			isa = PBXGroup;
			children = (
				216CDC5C1EEE3115005A78B2 /* cursor-ex.app */,
				216CDC701EEE3115005A78B2 /* cursor-exTests.xctest */,
				216CDC7B1EEE3115005A78B2 /* cursor-exUITests.xctest */,
			);
			name = Products;
			sourceTree = "<group>";
		};
		216CDC5E1EEE3115005A78B2 /* cursor-ex */ = {
			isa = PBXGroup;
			children = (
				216CDC8D1EEE311F005A78B2 /* Simple1 */,
				216CDC5F1EEE3115005A78B2 /* AppDelegate.swift */,
				216CDC611EEE3115005A78B2 /* ViewController.swift */,
				216CDC631EEE3115005A78B2 /* Main.storyboard */,
				216CDC661EEE3115005A78B2 /* Assets.xcassets */,
				216CDC681EEE3115005A78B2 /* LaunchScreen.storyboard */,
				216CDC6B1EEE3115005A78B2 /* Info.plist */,
			);
			path = "cursor-ex";
			sourceTree = "<group>";
		};
		216CDC731EEE3115005A78B2 /* cursor-exTests */ = {
			isa = PBXGroup;
			children = (
				216CDC741EEE3115005A78B2 /* cursor_exTests.swift */,
				216CDC761EEE3115005A78B2 /* Info.plist */,
			);
			path = "cursor-exTests";
			sourceTree = "<group>";
		};
		216CDC7E1EEE3115005A78B2 /* cursor-exUITests */ = {
			isa = PBXGroup;
			children = (
				216CDC7F1EEE3115005A78B2 /* cursor_exUITests.swift */,
				216CDC811EEE3115005A78B2 /* Info.plist */,
			);
			path = "cursor-exUITests";
			sourceTree = "<group>";
		};
		216CDC8D1EEE311F005A78B2 /* Simple1 */ = {
			isa = PBXGroup;
			children = (
				216CDC8E1EEE317F005A78B2 /* FF_IteratorProtocol.swift */,
				216CDC901EEE31A7005A78B2 /* FF_AnyIterator.swift */,
				216CDC921EEE31E7005A78B2 /* FF_ConcreteIterator.swift */,
				216CDC941EEE3384005A78B2 /* FF_AggregateProtocol.swift */,
			);
			path = Simple1;
			sourceTree = "<group>";
		};
/* End PBXGroup section */

/* Begin PBXNativeTarget section */
		216CDC5B1EEE3115005A78B2 /* cursor-ex */ = {
			isa = PBXNativeTarget;
			buildConfigurationList = 216CDC841EEE3115005A78B2 /* Build configuration list for PBXNativeTarget "cursor-ex" */;
			buildPhases = (
				216CDC581EEE3115005A78B2 /* Sources */,
				216CDC591EEE3115005A78B2 /* Frameworks */,
				216CDC5A1EEE3115005A78B2 /* Resources */,
			);
			buildRules = (
			);
			dependencies = (
			);
			name = "cursor-ex";
			productName = "cursor-ex";
			productReference = 216CDC5C1EEE3115005A78B2 /* cursor-ex.app */;
			productType = "com.apple.product-type.application";
		};
		216CDC6F1EEE3115005A78B2 /* cursor-exTests */ = {
			isa = PBXNativeTarget;
			buildConfigurationList = 216CDC871EEE3115005A78B2 /* Build configuration list for PBXNativeTarget "cursor-exTests" */;
			buildPhases = (
				216CDC6C1EEE3115005A78B2 /* Sources */,
				216CDC6D1EEE3115005A78B2 /* Frameworks */,
				216CDC6E1EEE3115005A78B2 /* Resources */,
			);
			buildRules = (
			);
			dependencies = (
				216CDC721EEE3115005A78B2 /* PBXTargetDependency */,
			);
			name = "cursor-exTests";
			productName = "cursor-exTests";
			productReference = 216CDC701EEE3115005A78B2 /* cursor-exTests.xctest */;
			productType = "com.apple.product-type.bundle.unit-test";
		};
		216CDC7A1EEE3115005A78B2 /* cursor-exUITests */ = {
			isa = PBXNativeTarget;
			buildConfigurationList = 216CDC8A1EEE3115005A78B2 /* Build configuration list for PBXNativeTarget "cursor-exUITests" */;
			buildPhases = (
				216CDC771EEE3115005A78B2 /* Sources */,
				216CDC781EEE3115005A78B2 /* Frameworks */,
				216CDC791EEE3115005A78B2 /* Resources */,
			);
			buildRules = (
			);
			dependencies = (
				216CDC7D1EEE3115005A78B2 /* PBXTargetDependency */,
			);
			name = "cursor-exUITests";
			productName = "cursor-exUITests";
			productReference = 216CDC7B1EEE3115005A78B2 /* cursor-exUITests.xctest */;
			productType = "com.apple.product-type.bundle.ui-testing";
		};
/* End PBXNativeTarget section */

/* Begin PBXProject section */
		216CDC541EEE3115005A78B2 /* Project object */ = {
			isa = PBXProject;
			attributes = {
				CLASSPREFIX = FF_;
				LastSwiftUpdateCheck = 0830;
				LastUpgradeCheck = 0830;
				ORGANIZATIONNAME = ffwang;
				TargetAttributes = {
					216CDC5B1EEE3115005A78B2 = {
						CreatedOnToolsVersion = 8.3.2;
						DevelopmentTeam = J976TJLNVR;
						ProvisioningStyle = Automatic;
					};
					216CDC6F1EEE3115005A78B2 = {
						CreatedOnToolsVersion = 8.3.2;
						DevelopmentTeam = J976TJLNVR;
						ProvisioningStyle = Automatic;
						TestTargetID = 216CDC5B1EEE3115005A78B2;
					};
					216CDC7A1EEE3115005A78B2 = {
						CreatedOnToolsVersion = 8.3.2;
						DevelopmentTeam = J976TJLNVR;
						ProvisioningStyle = Automatic;
						TestTargetID = 216CDC5B1EEE3115005A78B2;
					};
				};
			};
			buildConfigurationList = 216CDC571EEE3115005A78B2 /* Build configuration list for PBXProject "cursor-ex" */;
			compatibilityVersion = "Xcode 3.2";
			developmentRegion = English;
			hasScannedForEncodings = 0;
			knownRegions = (
				en,
				Base,
			);
			mainGroup = 216CDC531EEE3115005A78B2;
			productRefGroup = 216CDC5D1EEE3115005A78B2 /* Products */;
			projectDirPath = "";
			projectRoot = "";
			targets = (
				216CDC5B1EEE3115005A78B2 /* cursor-ex */,
				216CDC6F1EEE3115005A78B2 /* cursor-exTests */,
				216CDC7A1EEE3115005A78B2 /* cursor-exUITests */,
			);
		};
/* End PBXProject section */

/* Begin PBXResourcesBuildPhase section */
		216CDC5A1EEE3115005A78B2 /* Resources */ = {
			isa = PBXResourcesBuildPhase;
			buildActionMask = 2147483647;
			files = (
				216CDC6A1EEE3115005A78B2 /* LaunchScreen.storyboard in Resources */,
				216CDC671EEE3115005A78B2 /* Assets.xcassets in Resources */,
				216CDC651EEE3115005A78B2 /* Main.storyboard in Resources */,
			);
			runOnlyForDeploymentPostprocessing = 0;
		};
		216CDC6E1EEE3115005A78B2 /* Resources */ = {
			isa = PBXResourcesBuildPhase;
			buildActionMask = 2147483647;
			files = (
			);
			runOnlyForDeploymentPostprocessing = 0;
		};
		216CDC791EEE3115005A78B2 /* Resources */ = {
			isa = PBXResourcesBuildPhase;
			buildActionMask = 2147483647;
			files = (
			);
			runOnlyForDeploymentPostprocessing = 0;
		};
/* End PBXResourcesBuildPhase section */

/* Begin PBXSourcesBuildPhase section */
		216CDC581EEE3115005A78B2 /* Sources */ = {
			isa = PBXSourcesBuildPhase;
			buildActionMask = 2147483647;
			files = (
				216CDC911EEE31A7005A78B2 /* FF_AnyIterator.swift in Sources */,
				216CDC931EEE31E7005A78B2 /* FF_ConcreteIterator.swift in Sources */,
				216CDC621EEE3115005A78B2 /* ViewController.swift in Sources */,
				216CDC601EEE3115005A78B2 /* AppDelegate.swift in Sources */,
				216CDC8F1EEE317F005A78B2 /* FF_IteratorProtocol.swift in Sources */,
				216CDC951EEE3384005A78B2 /* FF_AggregateProtocol.swift in Sources */,
			);
			runOnlyForDeploymentPostprocessing = 0;
		};
		216CDC6C1EEE3115005A78B2 /* Sources */ = {
			isa = PBXSourcesBuildPhase;
			buildActionMask = 2147483647;
			files = (
				216CDC751EEE3115005A78B2 /* cursor_exTests.swift in Sources */,
			);
			runOnlyForDeploymentPostprocessing = 0;
		};
		216CDC771EEE3115005A78B2 /* Sources */ = {
			isa = PBXSourcesBuildPhase;
			buildActionMask = 2147483647;
			files = (
				216CDC801EEE3115005A78B2 /* cursor_exUITests.swift in Sources */,
			);
			runOnlyForDeploymentPostprocessing = 0;
		};
/* End PBXSourcesBuildPhase section */

/* Begin PBXTargetDependency section */
		216CDC721EEE3115005A78B2 /* PBXTargetDependency */ = {
			isa = PBXTargetDependency;
			target = 216CDC5B1EEE3115005A78B2 /* cursor-ex */;
			targetProxy = 216CDC711EEE3115005A78B2 /* PBXContainerItemProxy */;
		};
		216CDC7D1EEE3115005A78B2 /* PBXTargetDependency */ = {
			isa = PBXTargetDependency;
			target = 216CDC5B1EEE3115005A78B2 /* cursor-ex */;
			targetProxy = 216CDC7C1EEE3115005A78B2 /* PBXContainerItemProxy */;
		};
/* End PBXTargetDependency section */

/* Begin PBXVariantGroup section */
		216CDC631EEE3115005A78B2 /* Main.storyboard */ = {
			isa = PBXVariantGroup;
			children = (
				216CDC641EEE3115005A78B2 /* Base */,
			);
			name = Main.storyboard;
			sourceTree = "<group>";
		};
		216CDC681EEE3115005A78B2 /* LaunchScreen.storyboard */ = {
			isa = PBXVariantGroup;
			children = (
				216CDC691EEE3115005A78B2 /* Base */,
			);
			name = LaunchScreen.storyboard;
			sourceTree = "<group>";
		};
/* End PBXVariantGroup section */

/* Begin XCBuildConfiguration section */
		216CDC821EEE3115005A78B2 /* Debug */ = {
			isa = XCBuildConfiguration;
			buildSettings = {
				ALWAYS_SEARCH_USER_PATHS = NO;
				CLANG_ANALYZER_NONNULL = YES;
				CLANG_ANALYZER_NUMBER_OBJECT_CONVERSION = YES_AGGRESSIVE;
				CLANG_CXX_LANGUAGE_STANDARD = "gnu++0x";
				CLANG_CXX_LIBRARY = "libc++";
				CLANG_ENABLE_MODULES = YES;
				CLANG_ENABLE_OBJC_ARC = YES;
				CLANG_WARN_BOOL_CONVERSION = YES;
				CLANG_WARN_CONSTANT_CONVERSION = YES;
				CLANG_WARN_DIRECT_OBJC_ISA_USAGE = YES_ERROR;
				CLANG_WARN_DOCUMENTATION_COMMENTS = YES;
				CLANG_WARN_EMPTY_BODY = YES;
				CLANG_WARN_ENUM_CONVERSION = YES;
				CLANG_WARN_INFINITE_RECURSION = YES;
				CLANG_WARN_INT_CONVERSION = YES;
				CLANG_WARN_OBJC_ROOT_CLASS = YES_ERROR;
				CLANG_WARN_SUSPICIOUS_MOVE = YES;
				CLANG_WARN_UNREACHABLE_CODE = YES;
				CLANG_WARN__DUPLICATE_METHOD_MATCH = YES;
				"CODE_SIGN_IDENTITY[sdk=iphoneos*]" = "iPhone Developer";
				COPY_PHASE_STRIP = NO;
				DEBUG_INFORMATION_FORMAT = dwarf;
				ENABLE_STRICT_OBJC_MSGSEND = YES;
				ENABLE_TESTABILITY = YES;
				GCC_C_LANGUAGE_STANDARD = gnu99;
				GCC_DYNAMIC_NO_PIC = NO;
				GCC_NO_COMMON_BLOCKS = YES;
				GCC_OPTIMIZATION_LEVEL = 0;
				GCC_PREPROCESSOR_DEFINITIONS = (
					"DEBUG=1",
					"$(inherited)",
				);
				GCC_WARN_64_TO_32_BIT_CONVERSION = YES;
				GCC_WARN_ABOUT_RETURN_TYPE = YES_ERROR;
				GCC_WARN_UNDECLARED_SELECTOR = YES;
				GCC_WARN_UNINITIALIZED_AUTOS = YES_AGGRESSIVE;
				GCC_WARN_UNUSED_FUNCTION = YES;
				GCC_WARN_UNUSED_VARIABLE = YES;
				IPHONEOS_DEPLOYMENT_TARGET = 10.3;
				MTL_ENABLE_DEBUG_INFO = YES;
				ONLY_ACTIVE_ARCH = YES;
				SDKROOT = iphoneos;
				SWIFT_ACTIVE_COMPILATION_CONDITIONS = DEBUG;
				SWIFT_OPTIMIZATION_LEVEL = "-Onone";
			};
			name = Debug;
		};
		216CDC831EEE3115005A78B2 /* Release */ = {
			isa = XCBuildConfiguration;
			buildSettings = {
				ALWAYS_SEARCH_USER_PATHS = NO;
				CLANG_ANALYZER_NONNULL = YES;
				CLANG_ANALYZER_NUMBER_OBJECT_CONVERSION = YES_AGGRESSIVE;
				CLANG_CXX_LANGUAGE_STANDARD = "gnu++0x";
				CLANG_CXX_LIBRARY = "libc++";
				CLANG_ENABLE_MODULES = YES;
				CLANG_ENABLE_OBJC_ARC = YES;
				CLANG_WARN_BOOL_CONVERSION = YES;
				CLANG_WARN_CONSTANT_CONVERSION = YES;
				CLANG_WARN_DIRECT_OBJC_ISA_USAGE = YES_ERROR;
				CLANG_WARN_DOCUMENTATION_COMMENTS = YES;
				CLANG_WARN_EMPTY_BODY = YES;
				CLANG_WARN_ENUM_CONVERSION = YES;
				CLANG_WARN_INFINITE_RECURSION = YES;
				CLANG_WARN_INT_CONVERSION = YES;
				CLANG_WARN_OBJC_ROOT_CLASS = YES_ERROR;
				CLANG_WARN_SUSPICIOUS_MOVE = YES;
				CLANG_WARN_UNREACHABLE_CODE = YES;
				CLANG_WARN__DUPLICATE_METHOD_MATCH = YES;
				"CODE_SIGN_IDENTITY[sdk=iphoneos*]" = "iPhone Developer";
				COPY_PHASE_STRIP = NO;
				DEBUG_INFORMATION_FORMAT = "dwarf-with-dsym";
				ENABLE_NS_ASSERTIONS = NO;
				ENABLE_STRICT_OBJC_MSGSEND = YES;
				GCC_C_LANGUAGE_STANDARD = gnu99;
				GCC_NO_COMMON_BLOCKS = YES;
				GCC_WARN_64_TO_32_BIT_CONVERSION = YES;
				GCC_WARN_ABOUT_RETURN_TYPE = YES_ERROR;
				GCC_WARN_UNDECLARED_SELECTOR = YES;
				GCC_WARN_UNINITIALIZED_AUTOS = YES_AGGRESSIVE;
				GCC_WARN_UNUSED_FUNCTION = YES;
				GCC_WARN_UNUSED_VARIABLE = YES;
				IPHONEOS_DEPLOYMENT_TARGET = 10.3;
				MTL_ENABLE_DEBUG_INFO = NO;
				SDKROOT = iphoneos;
				SWIFT_OPTIMIZATION_LEVEL = "-Owholemodule";
				VALIDATE_PRODUCT = YES;
			};
			name = Release;
		};
		216CDC851EEE3115005A78B2 /* Debug */ = {
			isa = XCBuildConfiguration;
			buildSettings = {
				ASSETCATALOG_COMPILER_APPICON_NAME = AppIcon;
				DEVELOPMENT_TEAM = J976TJLNVR;
				INFOPLIST_FILE = "cursor-ex/Info.plist";
				LD_RUNPATH_SEARCH_PATHS = "$(inherited) @executable_path/Frameworks";
				PRODUCT_BUNDLE_IDENTIFIER = "com.ffwang.cursor-ex";
				PRODUCT_NAME = "$(TARGET_NAME)";
				SWIFT_VERSION = 3.0;
			};
			name = Debug;
		};
		216CDC861EEE3115005A78B2 /* Release */ = {
			isa = XCBuildConfiguration;
			buildSettings = {
				ASSETCATALOG_COMPILER_APPICON_NAME = AppIcon;
				DEVELOPMENT_TEAM = J976TJLNVR;
				INFOPLIST_FILE = "cursor-ex/Info.plist";
				LD_RUNPATH_SEARCH_PATHS = "$(inherited) @executable_path/Frameworks";
				PRODUCT_BUNDLE_IDENTIFIER = "com.ffwang.cursor-ex";
				PRODUCT_NAME = "$(TARGET_NAME)";
				SWIFT_VERSION = 3.0;
			};
			name = Release;
		};
		216CDC881EEE3115005A78B2 /* Debug */ = {
			isa = XCBuildConfiguration;
			buildSettings = {
				ALWAYS_EMBED_SWIFT_STANDARD_LIBRARIES = YES;
				BUNDLE_LOADER = "$(TEST_HOST)";
				DEVELOPMENT_TEAM = J976TJLNVR;
				INFOPLIST_FILE = "cursor-exTests/Info.plist";
				LD_RUNPATH_SEARCH_PATHS = "$(inherited) @executable_path/Frameworks @loader_path/Frameworks";
				PRODUCT_BUNDLE_IDENTIFIER = "com.ffwang.cursor-exTests";
				PRODUCT_NAME = "$(TARGET_NAME)";
				SWIFT_VERSION = 3.0;
				TEST_HOST = "$(BUILT_PRODUCTS_DIR)/cursor-ex.app/cursor-ex";
			};
			name = Debug;
		};
		216CDC891EEE3115005A78B2 /* Release */ = {
			isa = XCBuildConfiguration;
			buildSettings = {
				ALWAYS_EMBED_SWIFT_STANDARD_LIBRARIES = YES;
				BUNDLE_LOADER = "$(TEST_HOST)";
				DEVELOPMENT_TEAM = J976TJLNVR;
				INFOPLIST_FILE = "cursor-exTests/Info.plist";
				LD_RUNPATH_SEARCH_PATHS = "$(inherited) @executable_path/Frameworks @loader_path/Frameworks";
				PRODUCT_BUNDLE_IDENTIFIER = "com.ffwang.cursor-exTests";
				PRODUCT_NAME = "$(TARGET_NAME)";
				SWIFT_VERSION = 3.0;
				TEST_HOST = "$(BUILT_PRODUCTS_DIR)/cursor-ex.app/cursor-ex";
			};
			name = Release;
		};
		216CDC8B1EEE3115005A78B2 /* Debug */ = {
			isa = XCBuildConfiguration;
			buildSettings = {
				ALWAYS_EMBED_SWIFT_STANDARD_LIBRARIES = YES;
				DEVELOPMENT_TEAM = J976TJLNVR;
				INFOPLIST_FILE = "cursor-exUITests/Info.plist";
				LD_RUNPATH_SEARCH_PATHS = "$(inherited) @executable_path/Frameworks @loader_path/Frameworks";
				PRODUCT_BUNDLE_IDENTIFIER = "com.ffwang.cursor-exUITests";
				PRODUCT_NAME = "$(TARGET_NAME)";
				SWIFT_VERSION = 3.0;
				TEST_TARGET_NAME = "cursor-ex";
			};
			name = Debug;
		};
		216CDC8C1EEE3115005A78B2 /* Release */ = {
			isa = XCBuildConfiguration;
			buildSettings = {
				ALWAYS_EMBED_SWIFT_STANDARD_LIBRARIES = YES;
				DEVELOPMENT_TEAM = J976TJLNVR;
				INFOPLIST_FILE = "cursor-exUITests/Info.plist";
				LD_RUNPATH_SEARCH_PATHS = "$(inherited) @executable_path/Frameworks @loader_path/Frameworks";
				PRODUCT_BUNDLE_IDENTIFIER = "com.ffwang.cursor-exUITests";
				PRODUCT_NAME = "$(TARGET_NAME)";
				SWIFT_VERSION = 3.0;
				TEST_TARGET_NAME = "cursor-ex";
			};
			name = Release;
		};
/* End XCBuildConfiguration section */

/* Begin XCConfigurationList section */
		216CDC571EEE3115005A78B2 /* Build configuration list for PBXProject "cursor-ex" */ = {
			isa = XCConfigurationList;
			buildConfigurations = (
				216CDC821EEE3115005A78B2 /* Debug */,
				216CDC831EEE3115005A78B2 /* Release */,
			);
			defaultConfigurationIsVisible = 0;
			defaultConfigurationName = Release;
		};
		216CDC841EEE3115005A78B2 /* Build configuration list for PBXNativeTarget "cursor-ex" */ = {
			isa = XCConfigurationList;
			buildConfigurations = (
				216CDC851EEE3115005A78B2 /* Debug */,
				216CDC861EEE3115005A78B2 /* Release */,
			);
			defaultConfigurationIsVisible = 0;
		};
		216CDC871EEE3115005A78B2 /* Build configuration list for PBXNativeTarget "cursor-exTests" */ = {
			isa = XCConfigurationList;
			buildConfigurations = (
				216CDC881EEE3115005A78B2 /* Debug */,
				216CDC891EEE3115005A78B2 /* Release */,
			);
			defaultConfigurationIsVisible = 0;
		};
		216CDC8A1EEE3115005A78B2 /* Build configuration list for PBXNativeTarget "cursor-exUITests" */ = {
			isa = XCConfigurationList;
			buildConfigurations = (
				216CDC8B1EEE3115005A78B2 /* Debug */,
				216CDC8C1EEE3115005A78B2 /* Release */,
			);
			defaultConfigurationIsVisible = 0;
		};
/* End XCConfigurationList section */
	};
	rootObject = 216CDC541EEE3115005A78B2 /* Project object */;
}
